
Microsoft Visual Studio Solution File, Format Version 12.00
# Visual Studio Version 16
VisualStudioVersion = 16.0.32510.428
MinimumVisualStudioVersion = 10.0.40219.1
Project("{FAE04EC0-301F-11D3-BF4B-00C04F79EFBC}") = "MSIT141Ajax", "MSIT141Ajax.csproj", "{25B513C9-D713-49C9-B6E0-8031653E2168}"
EndProject
Global
	GlobalSection(SolutionConfigurationPlatforms) = preSolution
		Debug|Any CPU = Debug|Any CPU
		Release|Any CPU = Release|Any CPU
	EndGlobalSection
	GlobalSection(ProjectConfigurationPlatforms) = postSolution
		{25B513C9-D713-49C9-B6E0-8031653E2168}.Debug|Any CPU.ActiveCfg = Debug|Any CPU
		{25B513C9-D713-49C9-B6E0-8031653E2168}.Debug|Any CPU.Build.0 = Debug|Any CPU
		{25B513C9-D713-49C9-B6E0-8031653E2168}.Release|Any CPU.ActiveCfg = Release|Any CPU
		{25B513C9-D713-49C9-B6E0-8031653E2168}.Release|Any CPU.Build.0 = Release|Any CPU
	EndGlobalSection
	GlobalSection(SolutionProperties) = preSolution
		HideSolutionNode = FALSE
	EndGlobalSection
	GlobalSection(ExtensibilityGlobals) = postSolution
		SolutionGuid = {915E3BB1-4616-416B-8D30-0D3FA62EA742}
	EndGlobalSection
EndGlobal
